
Microsoft Visual Studio Solution File, Format Version 12.00
# Visual Studio 15
VisualStudioVersion = 15.0.26430.13
MinimumVisualStudioVersion = 10.0.40219.1
Project("{FAE04EC0-301F-11D3-BF4B-00C04F79EFBC}") = "git-tracking-minimal", "git-tracking-minimal\git-tracking-minimal.csproj", "{E75FC2BD-BE66-47D4-94F1-0FE0FE4697FD}"
EndProject
Project("{FAE04EC0-301F-11D3-BF4B-00C04F79EFBC}") = "git-tracking-minimal-test", "git-tracking-minimal-test\git-tracking-minimal-test.csproj", "{E782D558-3CB7-4948-8B9E-1B3550B31B82}"
EndProject
Global
	GlobalSection(SolutionConfigurationPlatforms) = preSolution
		Debug|Any CPU = Debug|Any CPU
		Release|Any CPU = Release|Any CPU
	EndGlobalSection
	GlobalSection(ProjectConfigurationPlatforms) = postSolution
		{E75FC2BD-BE66-47D4-94F1-0FE0FE4697FD}.Debug|Any CPU.ActiveCfg = Debug|Any CPU
		{E75FC2BD-BE66-47D4-94F1-0FE0FE4697FD}.Debug|Any CPU.Build.0 = Debug|Any CPU
		{E75FC2BD-BE66-47D4-94F1-0FE0FE4697FD}.Release|Any CPU.ActiveCfg = Release|Any CPU
		{E75FC2BD-BE66-47D4-94F1-0FE0FE4697FD}.Release|Any CPU.Build.0 = Release|Any CPU
		{E782D558-3CB7-4948-8B9E-1B3550B31B82}.Debug|Any CPU.ActiveCfg = Debug|Any CPU
		{E782D558-3CB7-4948-8B9E-1B3550B31B82}.Debug|Any CPU.Build.0 = Debug|Any CPU
		{E782D558-3CB7-4948-8B9E-1B3550B31B82}.Release|Any CPU.ActiveCfg = Release|Any CPU
		{E782D558-3CB7-4948-8B9E-1B3550B31B82}.Release|Any CPU.Build.0 = Release|Any CPU
	EndGlobalSection
	GlobalSection(SolutionProperties) = preSolution
		HideSolutionNode = FALSE
	EndGlobalSection
EndGlobal
